// !$*UTF8*$!
{
	archiveVersion = 1;
	classes = {
	};
	objectVersion = 48;
	objects = {

/* Begin PBXBuildFile section */
		F35B2F4A20D3268400DFB453 /* ysjoyreadercommon.cpp in Sources */ = {isa = PBXBuildFile; fileRef = F35B2F4820D3268400DFB453 /* ysjoyreadercommon.cpp */; };
		F35B2F4C20D3268E00DFB453 /* ysjoyreader.cpp in Sources */ = {isa = PBXBuildFile; fileRef = F35B2F4B20D3268E00DFB453 /* ysjoyreader.cpp */; };
		F35B2F4D20D326A700DFB453 /* ysjoyreader.h in CopyFiles */ = {isa = PBXBuildFile; fileRef = F35B2F4920D3268400DFB453 /* ysjoyreader.h */; };
/* End PBXBuildFile section */

/* Begin PBXCopyFilesBuildPhase section */
		F35B2F3A20D3261E00DFB453 /* CopyFiles */ = {
			isa = PBXCopyFilesBuildPhase;
			buildActionMask = 2147483647;
			dstPath = "include/$(PRODUCT_NAME)";
			dstSubfolderSpec = 16;
			files = (
				F35B2F4D20D326A700DFB453 /* ysjoyreader.h in CopyFiles */,
			);
			runOnlyForDeploymentPostprocessing = 0;
		};
/* End PBXCopyFilesBuildPhase section */

/* Begin PBXFileReference section */
		F35B2F3C20D3261E00DFB453 /* libYsJoystick.a */ = {isa = PBXFileReference; explicitFileType = archive.ar; includeInIndex = 0; path = libYsJoystick.a; sourceTree = BUILT_PRODUCTS_DIR; };
		F35B2F4820D3268400DFB453 /* ysjoyreadercommon.cpp */ = {isa = PBXFileReference; fileEncoding = 4; lastKnownFileType = sourcecode.cpp.cpp; name = ysjoyreadercommon.cpp; path = ../../../src/ysjoyreadercommon.cpp; sourceTree = "<group>"; };
		F35B2F4920D3268400DFB453 /* ysjoyreader.h */ = {isa = PBXFileReference; fileEncoding = 4; lastKnownFileType = sourcecode.c.h; name = ysjoyreader.h; path = ../../../src/ysjoyreader.h; sourceTree = "<group>"; };
		F35B2F4B20D3268E00DFB453 /* ysjoyreader.cpp */ = {isa = PBXFileReference; fileEncoding = 4; lastKnownFileType = sourcecode.cpp.cpp; name = ysjoyreader.cpp; path = ../../../src/null/ysjoyreader.cpp; sourceTree = "<group>"; };
/* End PBXFileReference section */

/* Begin PBXFrameworksBuildPhase section */
		F35B2F3920D3261E00DFB453 /* Frameworks */ = {
			isa = PBXFrameworksBuildPhase;
			buildActionMask = 2147483647;
			files = (
			);
			runOnlyForDeploymentPostprocessing = 0;
		};
/* End PBXFrameworksBuildPhase section */

/* Begin PBXGroup section */
		F35B2F3320D3261D00DFB453 = {
			isa = PBXGroup;
			children = (
				F35B2F3E20D3261E00DFB453 /* YsJoystick */,
				F35B2F3D20D3261E00DFB453 /* Products */,
			);
			sourceTree = "<group>";
		};
		F35B2F3D20D3261E00DFB453 /* Products */ = {
			isa = PBXGroup;
			children = (
				F35B2F3C20D3261E00DFB453 /* libYsJoystick.a */,
			);
			name = Products;
			sourceTree = "<group>";
		};
		F35B2F3E20D3261E00DFB453 /* YsJoystick */ = {
			isa = PBXGroup;
			children = (
				F35B2F4920D3268400DFB453 /* ysjoyreader.h */,
				F35B2F4820D3268400DFB453 /* ysjoyreadercommon.cpp */,
				F35B2F4B20D3268E00DFB453 /* ysjoyreader.cpp */,
			);
			path = YsJoystick;
			sourceTree = "<group>";
		};
/* End PBXGroup section */

/* Begin PBXNativeTarget section */
		F35B2F3B20D3261E00DFB453 /* YsJoystick */ = {
			isa = PBXNativeTarget;
			buildConfigurationList = F35B2F4520D3261E00DFB453 /* Build configuration list for PBXNativeTarget "YsJoystick" */;
			buildPhases = (
				F35B2F3820D3261E00DFB453 /* Sources */,
				F35B2F3920D3261E00DFB453 /* Frameworks */,
				F35B2F3A20D3261E00DFB453 /* CopyFiles */,
			);
			buildRules = (
			);
			dependencies = (
			);
			name = YsJoystick;
			productName = YsJoystick;
			productReference = F35B2F3C20D3261E00DFB453 /* libYsJoystick.a */;
			productType = "com.apple.product-type.library.static";
		};
/* End PBXNativeTarget section */

/* Begin PBXProject section */
		F35B2F3420D3261D00DFB453 /* Project object */ = {
			isa = PBXProject;
			attributes = {
				LastUpgradeCheck = 0920;
				ORGANIZATIONNAME = ysflight.com;
				TargetAttributes = {
					F35B2F3B20D3261E00DFB453 = {
						CreatedOnToolsVersion = 9.2;
						ProvisioningStyle = Automatic;
					};
				};
			};
			buildConfigurationList = F35B2F3720D3261D00DFB453 /* Build configuration list for PBXProject "YsJoystick" */;
			compatibilityVersion = "Xcode 8.0";
			developmentRegion = en;
			hasScannedForEncodings = 0;
			knownRegions = (
				en,
			);
			mainGroup = F35B2F3320D3261D00DFB453;
			productRefGroup = F35B2F3D20D3261E00DFB453 /* Products */;
			projectDirPath = "";
			projectRoot = "";
			targets = (
				F35B2F3B20D3261E00DFB453 /* YsJoystick */,
			);
		};
/* End PBXProject section */

/* Begin PBXSourcesBuildPhase section */
		F35B2F3820D3261E00DFB453 /* Sources */ = {
			isa = PBXSourcesBuildPhase;
			buildActionMask = 2147483647;
			files = (
				F35B2F4A20D3268400DFB453 /* ysjoyreadercommon.cpp in Sources */,
				F35B2F4C20D3268E00DFB453 /* ysjoyreader.cpp in Sources */,
			);
			runOnlyForDeploymentPostprocessing = 0;
		};
/* End PBXSourcesBuildPhase section */

/* Begin XCBuildConfiguration section */
		F35B2F4320D3261E00DFB453 /* Debug */ = {
			isa = XCBuildConfiguration;
			buildSettings = {
				ALWAYS_SEARCH_USER_PATHS = NO;
				CLANG_ANALYZER_NONNULL = YES;
				CLANG_ANALYZER_NUMBER_OBJECT_CONVERSION = YES_AGGRESSIVE;
				CLANG_CXX_LANGUAGE_STANDARD = "gnu++14";
				CLANG_CXX_LIBRARY = "libc++";
				CLANG_ENABLE_MODULES = YES;
				CLANG_ENABLE_OBJC_ARC = YES;
				CLANG_WARN_BLOCK_CAPTURE_AUTORELEASING = YES;
				CLANG_WARN_BOOL_CONVERSION = YES;
				CLANG_WARN_COMMA = YES;
				CLANG_WARN_CONSTANT_CONVERSION = YES;
				CLANG_WARN_DIRECT_OBJC_ISA_USAGE = YES_ERROR;
				CLANG_WARN_DOCUMENTATION_COMMENTS = YES;
				CLANG_WARN_EMPTY_BODY = YES;
				CLANG_WARN_ENUM_CONVERSION = YES;
				CLANG_WARN_INFINITE_RECURSION = YES;
				CLANG_WARN_INT_CONVERSION = YES;
				CLANG_WARN_NON_LITERAL_NULL_CONVERSION = YES;
				CLANG_WARN_OBJC_LITERAL_CONVERSION = YES;
				CLANG_WARN_OBJC_ROOT_CLASS = YES_ERROR;
				CLANG_WARN_RANGE_LOOP_ANALYSIS = YES;
				CLANG_WARN_STRICT_PROTOTYPES = YES;
				CLANG_WARN_SUSPICIOUS_MOVE = YES;
				CLANG_WARN_UNGUARDED_AVAILABILITY = YES_AGGRESSIVE;
				CLANG_WARN_UNREACHABLE_CODE = YES;
				CLANG_WARN__DUPLICATE_METHOD_MATCH = YES;
				CODE_SIGN_IDENTITY = "iPhone Developer";
				COPY_PHASE_STRIP = NO;
				DEBUG_INFORMATION_FORMAT = dwarf;
				ENABLE_STRICT_OBJC_MSGSEND = YES;
				ENABLE_TESTABILITY = YES;
				GCC_C_LANGUAGE_STANDARD = gnu11;
				GCC_DYNAMIC_NO_PIC = NO;
				GCC_NO_COMMON_BLOCKS = YES;
				GCC_OPTIMIZATION_LEVEL = 0;
				GCC_PREPROCESSOR_DEFINITIONS = (
					"DEBUG=1",
					"$(inherited)",
				);
				GCC_WARN_64_TO_32_BIT_CONVERSION = YES;
				GCC_WARN_ABOUT_RETURN_TYPE = YES_ERROR;
				GCC_WARN_UNDECLARED_SELECTOR = YES;
				GCC_WARN_UNINITIALIZED_AUTOS = YES_AGGRESSIVE;
				GCC_WARN_UNUSED_FUNCTION = YES;
				GCC_WARN_UNUSED_VARIABLE = YES;
				IPHONEOS_DEPLOYMENT_TARGET = 11.2;
				MTL_ENABLE_DEBUG_INFO = YES;
				ONLY_ACTIVE_ARCH = YES;
				SDKROOT = iphoneos;
			};
			name = Debug;
		};
		F35B2F4420D3261E00DFB453 /* Release */ = {
			isa = XCBuildConfiguration;
			buildSettings = {
				ALWAYS_SEARCH_USER_PATHS = NO;
				CLANG_ANALYZER_NONNULL = YES;
				CLANG_ANALYZER_NUMBER_OBJECT_CONVERSION = YES_AGGRESSIVE;
				CLANG_CXX_LANGUAGE_STANDARD = "gnu++14";
				CLANG_CXX_LIBRARY = "libc++";
				CLANG_ENABLE_MODULES = YES;
				CLANG_ENABLE_OBJC_ARC = YES;
				CLANG_WARN_BLOCK_CAPTURE_AUTORELEASING = YES;
				CLANG_WARN_BOOL_CONVERSION = YES;
				CLANG_WARN_COMMA = YES;
				CLANG_WARN_CONSTANT_CONVERSION = YES;
				CLANG_WARN_DIRECT_OBJC_ISA_USAGE = YES_ERROR;
				CLANG_WARN_DOCUMENTATION_COMMENTS = YES;
				CLANG_WARN_EMPTY_BODY = YES;
				CLANG_WARN_ENUM_CONVERSION = YES;
				CLANG_WARN_INFINITE_RECURSION = YES;
				CLANG_WARN_INT_CONVERSION = YES;
				CLANG_WARN_NON_LITERAL_NULL_CONVERSION = YES;
				CLANG_WARN_OBJC_LITERAL_CONVERSION = YES;
				CLANG_WARN_OBJC_ROOT_CLASS = YES_ERROR;
				CLANG_WARN_RANGE_LOOP_ANALYSIS = YES;
				CLANG_WARN_STRICT_PROTOTYPES = YES;
				CLANG_WARN_SUSPICIOUS_MOVE = YES;
				CLANG_WARN_UNGUARDED_AVAILABILITY = YES_AGGRESSIVE;
				CLANG_WARN_UNREACHABLE_CODE = YES;
				CLANG_WARN__DUPLICATE_METHOD_MATCH = YES;
				CODE_SIGN_IDENTITY = "iPhone Developer";
				COPY_PHASE_STRIP = NO;
				DEBUG_INFORMATION_FORMAT = "dwarf-with-dsym";
				ENABLE_NS_ASSERTIONS = NO;
				ENABLE_STRICT_OBJC_MSGSEND = YES;
				GCC_C_LANGUAGE_STANDARD = gnu11;
				GCC_NO_COMMON_BLOCKS = YES;
				GCC_WARN_64_TO_32_BIT_CONVERSION = YES;
				GCC_WARN_ABOUT_RETURN_TYPE = YES_ERROR;
				GCC_WARN_UNDECLARED_SELECTOR = YES;
				GCC_WARN_UNINITIALIZED_AUTOS = YES_AGGRESSIVE;
				GCC_WARN_UNUSED_FUNCTION = YES;
				GCC_WARN_UNUSED_VARIABLE = YES;
				IPHONEOS_DEPLOYMENT_TARGET = 11.2;
				MTL_ENABLE_DEBUG_INFO = NO;
				SDKROOT = iphoneos;
				VALIDATE_PRODUCT = YES;
			};
			name = Release;
		};
		F35B2F4620D3261E00DFB453 /* Debug */ = {
			isa = XCBuildConfiguration;
			buildSettings = {
				CODE_SIGN_STYLE = Automatic;
				OTHER_LDFLAGS = "-ObjC";
				PRODUCT_NAME = "$(TARGET_NAME)";
				SKIP_INSTALL = YES;
				TARGETED_DEVICE_FAMILY = "1,2";
			};
			name = Debug;
		};
		F35B2F4720D3261E00DFB453 /* Release */ = {
			isa = XCBuildConfiguration;
			buildSettings = {
				CODE_SIGN_STYLE = Automatic;
				OTHER_LDFLAGS = "-ObjC";
				PRODUCT_NAME = "$(TARGET_NAME)";
				SKIP_INSTALL = YES;
				TARGETED_DEVICE_FAMILY = "1,2";
			};
			name = Release;
		};
/* End XCBuildConfiguration section */

/* Begin XCConfigurationList section */
		F35B2F3720D3261D00DFB453 /* Build configuration list for PBXProject "YsJoystick" */ = {
			isa = XCConfigurationList;
			buildConfigurations = (
				F35B2F4320D3261E00DFB453 /* Debug */,
				F35B2F4420D3261E00DFB453 /* Release */,
			);
			defaultConfigurationIsVisible = 0;
			defaultConfigurationName = Release;
		};
		F35B2F4520D3261E00DFB453 /* Build configuration list for PBXNativeTarget "YsJoystick" */ = {
			isa = XCConfigurationList;
			buildConfigurations = (
				F35B2F4620D3261E00DFB453 /* Debug */,
				F35B2F4720D3261E00DFB453 /* Release */,
			);
			defaultConfigurationIsVisible = 0;
			defaultConfigurationName = Release;
		};
/* End XCConfigurationList section */
	};
	rootObject = F35B2F3420D3261D00DFB453 /* Project object */;
}
